{
  "name": "module-10-challenge-logo-creator",
  "version": "1.0.0",
  "lockfileVersion": 2,
  "requires": true,
  "packages": {
    "": {
      "name": "module-10-challenge-logo-creator",
      "version": "1.0.0",
      "license": "ISC",
      "dependencies": {
        "validate-color": "^2.2.4",
        "validate.io-length": "^1.0.2"
      }
    },
    "node_modules/validate-color": {
      "version": "2.2.4",
      "resolved": "https://registry.npmjs.org/validate-color/-/validate-color-2.2.4.tgz",
      "integrity": "sha512-Znolz+b6CwW6eBXYld7MFM3O7funcdyRfjKC/X9hqYV/0VcC5LB/L45mff7m3dIn9wdGdNOAQ/fybNuD5P/HDw=="
    },
    "node_modules/validate.io-array": {
      "version": "1.0.6",
      "resolved": "https://registry.npmjs.org/validate.io-array/-/validate.io-array-1.0.6.tgz",
      "integrity": "sha512-DeOy7CnPEziggrOO5CZhVKJw6S3Yi7e9e65R1Nl/RTN1vTQKnzjfvks0/8kQ40FP/dsjRAOd4hxmJ7uLa6vxkg=="
    },
    "node_modules/validate.io-integer": {
      "version": "1.0.5",
      "resolved": "https://registry.npmjs.org/validate.io-integer/-/validate.io-integer-1.0.5.tgz",
      "integrity": "sha512-22izsYSLojN/P6bppBqhgUDjCkr5RY2jd+N2a3DCAUey8ydvrZ/OkGvFPR7qfOpwR2LC5p4Ngzxz36g5Vgr/hQ==",
      "dependencies": {
        "validate.io-number": "^1.0.3"
      }
    },
    "node_modules/validate.io-length": {
      "version": "1.0.2",
      "resolved": "https://registry.npmjs.org/validate.io-length/-/validate.io-length-1.0.2.tgz",
      "integrity": "sha512-WfizC2mZ/d2HdokjpXSvIHYjlHOA4v396w5gasi5eZfn3iaPuuEc2kpygmlDjTJypovdDdjP0X9xZL9UWwO0gA==",
      "dependencies": {
        "validate.io-array": "^1.0.1",
        "validate.io-integer": "^1.0.3",
        "validate.io-string": "^1.0.1"
      }
    },
    "node_modules/validate.io-number": {
      "version": "1.0.3",
      "resolved": "https://registry.npmjs.org/validate.io-number/-/validate.io-number-1.0.3.tgz",
      "integrity": "sha512-kRAyotcbNaSYoDnXvb4MHg/0a1egJdLwS6oJ38TJY7aw9n93Fl/3blIXdyYvPOp55CNxywooG/3BcrwNrBpcSg=="
    },
    "node_modules/validate.io-string": {
      "version": "1.0.2",
      "resolved": "https://registry.npmjs.org/validate.io-string/-/validate.io-string-1.0.2.tgz",
      "integrity": "sha512-LEVnY6jzi6MxK1+0ngNVU/syGH8WZ9m5EObxWBYCaENQGPkWtOq4Upw2Fltayn2+86cg1L/1ciXVUdkXQ/dUyQ=="
    }
  },
  "dependencies": {
    "validate-color": {
      "version": "2.2.4",
      "resolved": "https://registry.npmjs.org/validate-color/-/validate-color-2.2.4.tgz",
      "integrity": "sha512-Znolz+b6CwW6eBXYld7MFM3O7funcdyRfjKC/X9hqYV/0VcC5LB/L45mff7m3dIn9wdGdNOAQ/fybNuD5P/HDw=="
    },
    "validate.io-array": {
      "version": "1.0.6",
      "resolved": "https://registry.npmjs.org/validate.io-array/-/validate.io-array-1.0.6.tgz",
      "integrity": "sha512-DeOy7CnPEziggrOO5CZhVKJw6S3Yi7e9e65R1Nl/RTN1vTQKnzjfvks0/8kQ40FP/dsjRAOd4hxmJ7uLa6vxkg=="
    },
    "validate.io-integer": {
      "version": "1.0.5",
      "resolved": "https://registry.npmjs.org/validate.io-integer/-/validate.io-integer-1.0.5.tgz",
      "integrity": "sha512-22izsYSLojN/P6bppBqhgUDjCkr5RY2jd+N2a3DCAUey8ydvrZ/OkGvFPR7qfOpwR2LC5p4Ngzxz36g5Vgr/hQ==",
      "requires": {
        "validate.io-number": "^1.0.3"
      }
    },
    "validate.io-length": {
      "version": "1.0.2",
      "resolved": "https://registry.npmjs.org/validate.io-length/-/validate.io-length-1.0.2.tgz",
      "integrity": "sha512-WfizC2mZ/d2HdokjpXSvIHYjlHOA4v396w5gasi5eZfn3iaPuuEc2kpygmlDjTJypovdDdjP0X9xZL9UWwO0gA==",
      "requires": {
        "validate.io-array": "^1.0.1",
        "validate.io-integer": "^1.0.3",
        "validate.io-string": "^1.0.1"
      }
    },
    "validate.io-number": {
      "version": "1.0.3",
      "resolved": "https://registry.npmjs.org/validate.io-number/-/validate.io-number-1.0.3.tgz",
      "integrity": "sha512-kRAyotcbNaSYoDnXvb4MHg/0a1egJdLwS6oJ38TJY7aw9n93Fl/3blIXdyYvPOp55CNxywooG/3BcrwNrBpcSg=="
    },
    "validate.io-string": {
      "version": "1.0.2",
      "resolved": "https://registry.npmjs.org/validate.io-string/-/validate.io-string-1.0.2.tgz",
      "integrity": "sha512-LEVnY6jzi6MxK1+0ngNVU/syGH8WZ9m5EObxWBYCaENQGPkWtOq4Upw2Fltayn2+86cg1L/1ciXVUdkXQ/dUyQ=="
    }
  }
}
